<Solution>
  <Folder Name="/01/">
    <Project Path="NumberisOddOrNot/NumberisOddOrNot.csproj" />
  </Folder>
  <Folder Name="/02/">
    <Project Path="TheGreathestNumber/TheGreathestNumber.csproj" Id="1dd8e31d-4821-4850-8a24-fc85885b0267" />
  </Folder>
  <Folder Name="/03/">
    <Project Path="SortNumbers/SortNumbers.csproj" Id="8d0b6cf2-981d-4c04-b322-381fb5460825" />
  </Folder>
  <Folder Name="/04/">
    <Project Path="IsMultipleOfAnother/IsMultipleOfAnother.csproj" Id="9153f3eb-b27b-4db4-b2bf-2d1479f5b881" />
  </Folder>
  <Folder Name="/05/">
    <Project Path="IsLeapYear/IsLeapYear.csproj" Id="a6c9d4e0-f187-40ae-87db-169f17b274d2" />
  </Folder>
  <Folder Name="/06/">
    <Project Path="SimplePayroll/SimplePayroll.csproj" Id="ea9b7f23-11c7-44b2-97a9-0054494a3168" />
  </Folder>
  <Folder Name="/07/">
    <Project Path="Discounts/Discounts.csproj" Id="d9570316-3797-4a29-97ce-2ea4f70f2095" />
  </Folder>
  <Folder Name="/08/">
    <Project Path="RegistrationValue/RegistrationValue.csproj" Id="5e4a251c-5527-4cf5-9ed1-17029628c920" />
  </Folder>
  <Folder Name="/09/">
    <Project Path="Shipping/Shipping.csproj" Id="9c93eee6-2eec-42b9-aa64-8e7e89582f6c" />
  </Folder>
  <Folder Name="/Shared/">
    <Project Path="Shared/Shared.csproj" Id="b130697c-fbd7-494e-b28e-c3b99e3d2dab" />
  </Folder>
</Solution>
