<Solution>
  <Folder Name="/01/">
    <Project Path="NumberisOddOrNot/NumberisOddOrNot.csproj" />
  </Folder>
  <Folder Name="/02/">
    <Project Path="TheGreathestNumber/TheGreathestNumber.csproj" Id="1dd8e31d-4821-4850-8a24-fc85885b0267" />
  </Folder>
  <Folder Name="/03/">
    <Project Path="SortNumbers/SortNumbers.csproj" Id="8d0b6cf2-981d-4c04-b322-381fb5460825" />
  </Folder>
  <Folder Name="/04/">
    <Project Path="IsMultipleOfAnother/IsMultipleOfAnother.csproj" Id="9153f3eb-b27b-4db4-b2bf-2d1479f5b881" />
  </Folder>
  <Folder Name="/05/">
    <Project Path="IsLeapYear/IsLeapYear.csproj" Id="a6c9d4e0-f187-40ae-87db-169f17b274d2" />
  </Folder>
  <Folder Name="/06/">
    <Project Path="SimplePayroll/SimplePayroll.csproj" Id="ea9b7f23-11c7-44b2-97a9-0054494a3168" />
  </Folder>
  <Folder Name="/07/">
    <Project Path="Discounts/Discounts.csproj" Id="d9570316-3797-4a29-97ce-2ea4f70f2095" />
  </Folder>
  <Folder Name="/08/">
    <Project Path="RegistrationValue/RegistrationValue.csproj" Id="5e4a251c-5527-4cf5-9ed1-17029628c920" />
  </Folder>
  <Folder Name="/09/">
    <Project Path="Shipping/Shipping.csproj" Id="9c93eee6-2eec-42b9-aa64-8e7e89582f6c" />
  </Folder>
  <Folder Name="/10/">
    <Project Path="SucesoStore/SucesoStore.csproj" Id="3c9ded9d-dd0d-4af1-a710-e18d2f6a3fec" />
  </Folder>
  <Folder Name="/11/">
    <Project Path="TranportationCompany/TranportationCompany.csproj" Id="0c04444b-c565-43df-a62c-389b93f5d326" />
  </Folder>
  <Folder Name="/12/">
    <Project Path="SumAndAverage/SumAndAverage.csproj" Id="6ebe513e-fc90-4013-9568-be3fd42ac7c4" />
  </Folder>
  <Folder Name="/13/">
    <Project Path="Factorial/Factorial.csproj" Id="2790313c-610a-43c9-8dcd-d848fcd950c5" />
  </Folder>
  <Folder Name="/14/">
    <Project Path="Taylor/Taylor.csproj" Id="d426f505-5f58-4ee8-b50c-d5afeaf9b3f8" />
  </Folder>
  <Folder Name="/15/">
    <Project Path="TaylorModified/TaylorModified.csproj" Id="a8c23ecb-9542-4d0c-8431-558c1cae21db" />
  </Folder>
  <Folder Name="/16/">
    <Project Path="QuadraticEquations/QuadraticEquations.csproj" Id="a660b868-3347-4fef-8f92-dbd91ccaf573" />
  </Folder>
  <Folder Name="/17/">
    <Project Path="Fibonacci/Fibonacci.csproj" Id="8a9d3c25-f212-4536-846b-059bd0b701db" />
  </Folder>
  <Folder Name="/18/">
    <Project Path="FibonacciModified/FibonacciModified.csproj" Id="070a7b06-d8d6-4185-af23-50db91ce9778" />
  </Folder>
  <Folder Name="/19/">
    <Project Path="IsPrime/IsPrime.csproj" Id="68a4c280-36e3-4f3c-89dc-4f10f11fc340" />
  </Folder>
  <Folder Name="/20/">
    <Project Path="PrimeNumbers/PrimeNumbers.csproj" Id="81b972bb-58ba-45ee-b9ee-0bd580b65cf6" />
  </Folder>
  <Folder Name="/21/">
    <Project Path="ENumber/ENumber.csproj" Id="19a8ceb4-5dc3-4e29-82e5-da47731e7f4d" />
  </Folder>
  <Folder Name="/22/">
    <Project Path="PiNumber/PiNumber.csproj" Id="129e5cac-164a-4c35-b237-7e15e469f5b1" />
  </Folder>
  <Folder Name="/23/">
    <Project Path="Calendar/Calendar.csproj" Id="5da998bb-a370-4124-a977-606ef16eedca" />
  </Folder>
  <Folder Name="/24/">
    <Project Path="EvenAndOdds/EvenAndOdds.csproj" Id="3759476e-398d-482c-8eb5-f4f958454e39" />
  </Folder>
  <Folder Name="/25/">
    <Project Path="ArrayOperations/ArrayOperations.csproj" Id="30661ed6-59d1-4240-b478-85314ffa3030" />
  </Folder>
  <Folder Name="/Shared/">
    <Project Path="Shared/Shared.csproj" Id="b130697c-fbd7-494e-b28e-c3b99e3d2dab" />
  </Folder>
</Solution>
